{
  "name": "vcptoolbox-core",
  "lockfileVersion": 3,
  "requires": true,
  "packages": {
    "": {
      "dependencies": {
        "creation-ring-core": "file:.."
      }
    },
    "..": {
      "name": "creation-ring-core",
      "version": "1.0.0",
      "dependencies": {
        "axios": "^1.6.0",
        "cors": "^2.8.5",
        "dotenv": "^16.5.0",
        "express": "^4.18.0",
        "winston": "^3.17.0",
        "ws": "^8.17.0"
      },
      "devDependencies": {
        "jest": "^29.0.0",
        "nodemon": "^3.0.0"
      }
    },
    "node_modules/creation-ring-core": {
      "resolved": "..",
      "link": true
    }
  }
}
